
Microsoft Visual Studio Solution File, Format Version 12.00
# Visual Studio Version 16
VisualStudioVersion = 16.0.29920.165
MinimumVisualStudioVersion = 10.0.40219.1
Project("{FAE04EC0-301F-11D3-BF4B-00C04F79EFBC}") = "SalesWebMvc", "SalesWebMvc\SalesWebMvc.csproj", "{EE011EE6-8E5D-4B1E-9F64-D24B47C7AE94}"
EndProject
Global
	GlobalSection(SolutionConfigurationPlatforms) = preSolution
		Debug|Any CPU = Debug|Any CPU
		Release|Any CPU = Release|Any CPU
	EndGlobalSection
	GlobalSection(ProjectConfigurationPlatforms) = postSolution
		{EE011EE6-8E5D-4B1E-9F64-D24B47C7AE94}.Debug|Any CPU.ActiveCfg = Debug|Any CPU
		{EE011EE6-8E5D-4B1E-9F64-D24B47C7AE94}.Debug|Any CPU.Build.0 = Debug|Any CPU
		{EE011EE6-8E5D-4B1E-9F64-D24B47C7AE94}.Release|Any CPU.ActiveCfg = Release|Any CPU
		{EE011EE6-8E5D-4B1E-9F64-D24B47C7AE94}.Release|Any CPU.Build.0 = Release|Any CPU
	EndGlobalSection
	GlobalSection(SolutionProperties) = preSolution
		HideSolutionNode = FALSE
	EndGlobalSection
	GlobalSection(ExtensibilityGlobals) = postSolution
		SolutionGuid = {F5666E83-2DE3-4A35-8550-130372CA9E19}
	EndGlobalSection
EndGlobal
